
Microsoft Visual Studio Solution File, Format Version 12.00
# Visual Studio Version 17
VisualStudioVersion = 17.3.32825.248
MinimumVisualStudioVersion = 10.0.40219.1
Project("{FAE04EC0-301F-11D3-BF4B-00C04F79EFBC}") = "MyGarbageCollection", "MyGarbageCollection\MyGarbageCollection.csproj", "{9E66EFE0-2EFA-467C-B48E-BC935843EB79}"
EndProject
Global
	GlobalSection(SolutionConfigurationPlatforms) = preSolution
		Debug|Any CPU = Debug|Any CPU
		Release|Any CPU = Release|Any CPU
	EndGlobalSection
	GlobalSection(ProjectConfigurationPlatforms) = postSolution
		{9E66EFE0-2EFA-467C-B48E-BC935843EB79}.Debug|Any CPU.ActiveCfg = Debug|Any CPU
		{9E66EFE0-2EFA-467C-B48E-BC935843EB79}.Debug|Any CPU.Build.0 = Debug|Any CPU
		{9E66EFE0-2EFA-467C-B48E-BC935843EB79}.Release|Any CPU.ActiveCfg = Release|Any CPU
		{9E66EFE0-2EFA-467C-B48E-BC935843EB79}.Release|Any CPU.Build.0 = Release|Any CPU
	EndGlobalSection
	GlobalSection(SolutionProperties) = preSolution
		HideSolutionNode = FALSE
	EndGlobalSection
	GlobalSection(ExtensibilityGlobals) = postSolution
		SolutionGuid = {19BE17B9-34A0-4513-B61C-36B303AFF55C}
	EndGlobalSection
EndGlobal
